
Microsoft Visual Studio Solution File, Format Version 12.00
# Visual Studio 2013
VisualStudioVersion = 12.0.40629.0
MinimumVisualStudioVersion = 10.0.40219.1
Project("{FAE04EC0-301F-11D3-BF4B-00C04F79EFBC}") = "GenerateSqlStatement", "GenerateSqlStatement\GenerateSqlStatement.csproj", "{3189E65E-04E4-4B19-8781-AFBE4B928FDB}"
EndProject
Project("{FAE04EC0-301F-11D3-BF4B-00C04F79EFBC}") = "GernerateFeedXml", "GernerateFeedXml\GernerateFeedXml.csproj", "{DBADA60E-FB0E-4B9F-8BD1-CD6379C4FA5F}"
EndProject
Project("{FAE04EC0-301F-11D3-BF4B-00C04F79EFBC}") = "RecipeHtmlParser", "RecipeHtmlParser\RecipeHtmlParser.csproj", "{413072F7-E31F-42B3-8F20-88529111FF90}"
EndProject
Project("{FAE04EC0-301F-11D3-BF4B-00C04F79EFBC}") = "RecipeToSqlImporter", "RecipeToSqlImporter\RecipeToSqlImporter.csproj", "{36FF29C5-7EA3-4500-AED5-056B2B532079}"
EndProject
Global
	GlobalSection(SolutionConfigurationPlatforms) = preSolution
		Debug|Any CPU = Debug|Any CPU
		Release|Any CPU = Release|Any CPU
	EndGlobalSection
	GlobalSection(ProjectConfigurationPlatforms) = postSolution
		{3189E65E-04E4-4B19-8781-AFBE4B928FDB}.Debug|Any CPU.ActiveCfg = Debug|Any CPU
		{3189E65E-04E4-4B19-8781-AFBE4B928FDB}.Debug|Any CPU.Build.0 = Debug|Any CPU
		{3189E65E-04E4-4B19-8781-AFBE4B928FDB}.Release|Any CPU.ActiveCfg = Release|Any CPU
		{3189E65E-04E4-4B19-8781-AFBE4B928FDB}.Release|Any CPU.Build.0 = Release|Any CPU
		{DBADA60E-FB0E-4B9F-8BD1-CD6379C4FA5F}.Debug|Any CPU.ActiveCfg = Debug|Any CPU
		{DBADA60E-FB0E-4B9F-8BD1-CD6379C4FA5F}.Debug|Any CPU.Build.0 = Debug|Any CPU
		{DBADA60E-FB0E-4B9F-8BD1-CD6379C4FA5F}.Release|Any CPU.ActiveCfg = Release|Any CPU
		{DBADA60E-FB0E-4B9F-8BD1-CD6379C4FA5F}.Release|Any CPU.Build.0 = Release|Any CPU
		{413072F7-E31F-42B3-8F20-88529111FF90}.Debug|Any CPU.ActiveCfg = Debug|Any CPU
		{413072F7-E31F-42B3-8F20-88529111FF90}.Debug|Any CPU.Build.0 = Debug|Any CPU
		{413072F7-E31F-42B3-8F20-88529111FF90}.Release|Any CPU.ActiveCfg = Release|Any CPU
		{413072F7-E31F-42B3-8F20-88529111FF90}.Release|Any CPU.Build.0 = Release|Any CPU
		{36FF29C5-7EA3-4500-AED5-056B2B532079}.Debug|Any CPU.ActiveCfg = Debug|Any CPU
		{36FF29C5-7EA3-4500-AED5-056B2B532079}.Debug|Any CPU.Build.0 = Debug|Any CPU
		{36FF29C5-7EA3-4500-AED5-056B2B532079}.Release|Any CPU.ActiveCfg = Release|Any CPU
		{36FF29C5-7EA3-4500-AED5-056B2B532079}.Release|Any CPU.Build.0 = Release|Any CPU
	EndGlobalSection
	GlobalSection(SolutionProperties) = preSolution
		HideSolutionNode = FALSE
	EndGlobalSection
EndGlobal
